
Microsoft Visual Studio Solution File, Format Version 12.00
# Visual Studio 15
VisualStudioVersion = 15.0.28010.2016
MinimumVisualStudioVersion = 10.0.40219.1
Project("{FAE04EC0-301F-11D3-BF4B-00C04F79EFBC}") = "SQ88Buffet.Android", "SQ88Buffet\SQ88Buffet.Android\SQ88Buffet.Android.csproj", "{03990155-41CA-4697-AE21-C34EAF86362F}"
EndProject
Project("{FAE04EC0-301F-11D3-BF4B-00C04F79EFBC}") = "SQ88Buffet.iOS", "SQ88Buffet\SQ88Buffet.iOS\SQ88Buffet.iOS.csproj", "{E6D2A0A9-53DC-44F1-B4DD-F5CF24673EFD}"
EndProject
Project("{9A19103F-16F7-4668-BE54-9A1E7A4F7556}") = "SQ88Buffet", "SQ88Buffet\SQ88Buffet\SQ88Buffet.csproj", "{411DD7D4-F5C3-46D5-8D1C-40F28C8A1692}"
EndProject
Project("{FAE04EC0-301F-11D3-BF4B-00C04F79EFBC}") = "SQ88Buffet.UWP", "SQ88Buffet.UWP\SQ88Buffet.UWP.csproj", "{16381B82-890E-4E65-A06B-B3EA5E609912}"
EndProject
Global
	GlobalSection(SolutionConfigurationPlatforms) = preSolution
		Ad-Hoc|Any CPU = Ad-Hoc|Any CPU
		Ad-Hoc|ARM = Ad-Hoc|ARM
		Ad-Hoc|iPhone = Ad-Hoc|iPhone
		Ad-Hoc|iPhoneSimulator = Ad-Hoc|iPhoneSimulator
		Ad-Hoc|x64 = Ad-Hoc|x64
		Ad-Hoc|x86 = Ad-Hoc|x86
		AppStore|Any CPU = AppStore|Any CPU
		AppStore|ARM = AppStore|ARM
		AppStore|iPhone = AppStore|iPhone
		AppStore|iPhoneSimulator = AppStore|iPhoneSimulator
		AppStore|x64 = AppStore|x64
		AppStore|x86 = AppStore|x86
		Debug|Any CPU = Debug|Any CPU
		Debug|ARM = Debug|ARM
		Debug|iPhone = Debug|iPhone
		Debug|iPhoneSimulator = Debug|iPhoneSimulator
		Debug|x64 = Debug|x64
		Debug|x86 = Debug|x86
		Release|Any CPU = Release|Any CPU
		Release|ARM = Release|ARM
		Release|iPhone = Release|iPhone
		Release|iPhoneSimulator = Release|iPhoneSimulator
		Release|x64 = Release|x64
		Release|x86 = Release|x86
	EndGlobalSection
	GlobalSection(ProjectConfigurationPlatforms) = postSolution
		{03990155-41CA-4697-AE21-C34EAF86362F}.Ad-Hoc|Any CPU.ActiveCfg = Release|Any CPU
		{03990155-41CA-4697-AE21-C34EAF86362F}.Ad-Hoc|Any CPU.Build.0 = Release|Any CPU
		{03990155-41CA-4697-AE21-C34EAF86362F}.Ad-Hoc|Any CPU.Deploy.0 = Release|Any CPU
		{03990155-41CA-4697-AE21-C34EAF86362F}.Ad-Hoc|ARM.ActiveCfg = Debug|Any CPU
		{03990155-41CA-4697-AE21-C34EAF86362F}.Ad-Hoc|ARM.Build.0 = Debug|Any CPU
		{03990155-41CA-4697-AE21-C34EAF86362F}.Ad-Hoc|ARM.Deploy.0 = Debug|Any CPU
		{03990155-41CA-4697-AE21-C34EAF86362F}.Ad-Hoc|iPhone.ActiveCfg = Release|Any CPU
		{03990155-41CA-4697-AE21-C34EAF86362F}.Ad-Hoc|iPhone.Build.0 = Release|Any CPU
		{03990155-41CA-4697-AE21-C34EAF86362F}.Ad-Hoc|iPhone.Deploy.0 = Release|Any CPU
		{03990155-41CA-4697-AE21-C34EAF86362F}.Ad-Hoc|iPhoneSimulator.ActiveCfg = Release|Any CPU
		{03990155-41CA-4697-AE21-C34EAF86362F}.Ad-Hoc|iPhoneSimulator.Build.0 = Release|Any CPU
		{03990155-41CA-4697-AE21-C34EAF86362F}.Ad-Hoc|iPhoneSimulator.Deploy.0 = Release|Any CPU
		{03990155-41CA-4697-AE21-C34EAF86362F}.Ad-Hoc|x64.ActiveCfg = Debug|Any CPU
		{03990155-41CA-4697-AE21-C34EAF86362F}.Ad-Hoc|x64.Build.0 = Debug|Any CPU
		{03990155-41CA-4697-AE21-C34EAF86362F}.Ad-Hoc|x64.Deploy.0 = Debug|Any CPU
		{03990155-41CA-4697-AE21-C34EAF86362F}.Ad-Hoc|x86.ActiveCfg = Debug|Any CPU
		{03990155-41CA-4697-AE21-C34EAF86362F}.Ad-Hoc|x86.Build.0 = Debug|Any CPU
		{03990155-41CA-4697-AE21-C34EAF86362F}.Ad-Hoc|x86.Deploy.0 = Debug|Any CPU
		{03990155-41CA-4697-AE21-C34EAF86362F}.AppStore|Any CPU.ActiveCfg = Release|Any CPU
		{03990155-41CA-4697-AE21-C34EAF86362F}.AppStore|Any CPU.Build.0 = Release|Any CPU
		{03990155-41CA-4697-AE21-C34EAF86362F}.AppStore|Any CPU.Deploy.0 = Release|Any CPU
		{03990155-41CA-4697-AE21-C34EAF86362F}.AppStore|ARM.ActiveCfg = Debug|Any CPU
		{03990155-41CA-4697-AE21-C34EAF86362F}.AppStore|ARM.Build.0 = Debug|Any CPU
		{03990155-41CA-4697-AE21-C34EAF86362F}.AppStore|ARM.Deploy.0 = Debug|Any CPU
		{03990155-41CA-4697-AE21-C34EAF86362F}.AppStore|iPhone.ActiveCfg = Release|Any CPU
		{03990155-41CA-4697-AE21-C34EAF86362F}.AppStore|iPhone.Build.0 = Release|Any CPU
		{03990155-41CA-4697-AE21-C34EAF86362F}.AppStore|iPhone.Deploy.0 = Release|Any CPU
		{03990155-41CA-4697-AE21-C34EAF86362F}.AppStore|iPhoneSimulator.ActiveCfg = Release|Any CPU
		{03990155-41CA-4697-AE21-C34EAF86362F}.AppStore|iPhoneSimulator.Build.0 = Release|Any CPU
		{03990155-41CA-4697-AE21-C34EAF86362F}.AppStore|iPhoneSimulator.Deploy.0 = Release|Any CPU
		{03990155-41CA-4697-AE21-C34EAF86362F}.AppStore|x64.ActiveCfg = Debug|Any CPU
		{03990155-41CA-4697-AE21-C34EAF86362F}.AppStore|x64.Build.0 = Debug|Any CPU
		{03990155-41CA-4697-AE21-C34EAF86362F}.AppStore|x64.Deploy.0 = Debug|Any CPU
		{03990155-41CA-4697-AE21-C34EAF86362F}.AppStore|x86.ActiveCfg = Debug|Any CPU
		{03990155-41CA-4697-AE21-C34EAF86362F}.AppStore|x86.Build.0 = Debug|Any CPU
		{03990155-41CA-4697-AE21-C34EAF86362F}.AppStore|x86.Deploy.0 = Debug|Any CPU
		{03990155-41CA-4697-AE21-C34EAF86362F}.Debug|Any CPU.ActiveCfg = Debug|Any CPU
		{03990155-41CA-4697-AE21-C34EAF86362F}.Debug|Any CPU.Build.0 = Debug|Any CPU
		{03990155-41CA-4697-AE21-C34EAF86362F}.Debug|Any CPU.Deploy.0 = Debug|Any CPU
		{03990155-41CA-4697-AE21-C34EAF86362F}.Debug|ARM.ActiveCfg = Debug|Any CPU
		{03990155-41CA-4697-AE21-C34EAF86362F}.Debug|ARM.Build.0 = Debug|Any CPU
		{03990155-41CA-4697-AE21-C34EAF86362F}.Debug|ARM.Deploy.0 = Debug|Any CPU
		{03990155-41CA-4697-AE21-C34EAF86362F}.Debug|iPhone.ActiveCfg = Debug|Any CPU
		{03990155-41CA-4697-AE21-C34EAF86362F}.Debug|iPhone.Build.0 = Debug|Any CPU
		{03990155-41CA-4697-AE21-C34EAF86362F}.Debug|iPhone.Deploy.0 = Debug|Any CPU
		{03990155-41CA-4697-AE21-C34EAF86362F}.Debug|iPhoneSimulator.ActiveCfg = Debug|Any CPU
		{03990155-41CA-4697-AE21-C34EAF86362F}.Debug|iPhoneSimulator.Build.0 = Debug|Any CPU
		{03990155-41CA-4697-AE21-C34EAF86362F}.Debug|iPhoneSimulator.Deploy.0 = Debug|Any CPU
		{03990155-41CA-4697-AE21-C34EAF86362F}.Debug|x64.ActiveCfg = Debug|Any CPU
		{03990155-41CA-4697-AE21-C34EAF86362F}.Debug|x64.Build.0 = Debug|Any CPU
		{03990155-41CA-4697-AE21-C34EAF86362F}.Debug|x64.Deploy.0 = Debug|Any CPU
		{03990155-41CA-4697-AE21-C34EAF86362F}.Debug|x86.ActiveCfg = Debug|Any CPU
		{03990155-41CA-4697-AE21-C34EAF86362F}.Debug|x86.Build.0 = Debug|Any CPU
		{03990155-41CA-4697-AE21-C34EAF86362F}.Debug|x86.Deploy.0 = Debug|Any CPU
		{03990155-41CA-4697-AE21-C34EAF86362F}.Release|Any CPU.ActiveCfg = Release|Any CPU
		{03990155-41CA-4697-AE21-C34EAF86362F}.Release|Any CPU.Build.0 = Release|Any CPU
		{03990155-41CA-4697-AE21-C34EAF86362F}.Release|Any CPU.Deploy.0 = Release|Any CPU
		{03990155-41CA-4697-AE21-C34EAF86362F}.Release|ARM.ActiveCfg = Release|Any CPU
		{03990155-41CA-4697-AE21-C34EAF86362F}.Release|ARM.Build.0 = Release|Any CPU
		{03990155-41CA-4697-AE21-C34EAF86362F}.Release|ARM.Deploy.0 = Release|Any CPU
		{03990155-41CA-4697-AE21-C34EAF86362F}.Release|iPhone.ActiveCfg = Release|Any CPU
		{03990155-41CA-4697-AE21-C34EAF86362F}.Release|iPhone.Build.0 = Release|Any CPU
		{03990155-41CA-4697-AE21-C34EAF86362F}.Release|iPhone.Deploy.0 = Release|Any CPU
		{03990155-41CA-4697-AE21-C34EAF86362F}.Release|iPhoneSimulator.ActiveCfg = Release|Any CPU
		{03990155-41CA-4697-AE21-C34EAF86362F}.Release|iPhoneSimulator.Build.0 = Release|Any CPU
		{03990155-41CA-4697-AE21-C34EAF86362F}.Release|iPhoneSimulator.Deploy.0 = Release|Any CPU
		{03990155-41CA-4697-AE21-C34EAF86362F}.Release|x64.ActiveCfg = Release|Any CPU
		{03990155-41CA-4697-AE21-C34EAF86362F}.Release|x64.Build.0 = Release|Any CPU
		{03990155-41CA-4697-AE21-C34EAF86362F}.Release|x64.Deploy.0 = Release|Any CPU
		{03990155-41CA-4697-AE21-C34EAF86362F}.Release|x86.ActiveCfg = Release|Any CPU
		{03990155-41CA-4697-AE21-C34EAF86362F}.Release|x86.Build.0 = Release|Any CPU
		{03990155-41CA-4697-AE21-C34EAF86362F}.Release|x86.Deploy.0 = Release|Any CPU
		{E6D2A0A9-53DC-44F1-B4DD-F5CF24673EFD}.Ad-Hoc|Any CPU.ActiveCfg = Ad-Hoc|iPhone
		{E6D2A0A9-53DC-44F1-B4DD-F5CF24673EFD}.Ad-Hoc|Any CPU.Build.0 = Ad-Hoc|iPhone
		{E6D2A0A9-53DC-44F1-B4DD-F5CF24673EFD}.Ad-Hoc|Any CPU.Deploy.0 = Ad-Hoc|iPhone
		{E6D2A0A9-53DC-44F1-B4DD-F5CF24673EFD}.Ad-Hoc|ARM.ActiveCfg = Ad-Hoc|iPhoneSimulator
		{E6D2A0A9-53DC-44F1-B4DD-F5CF24673EFD}.Ad-Hoc|iPhone.ActiveCfg = Ad-Hoc|iPhone
		{E6D2A0A9-53DC-44F1-B4DD-F5CF24673EFD}.Ad-Hoc|iPhone.Build.0 = Ad-Hoc|iPhone
		{E6D2A0A9-53DC-44F1-B4DD-F5CF24673EFD}.Ad-Hoc|iPhone.Deploy.0 = Ad-Hoc|iPhone
		{E6D2A0A9-53DC-44F1-B4DD-F5CF24673EFD}.Ad-Hoc|iPhoneSimulator.ActiveCfg = Ad-Hoc|iPhoneSimulator
		{E6D2A0A9-53DC-44F1-B4DD-F5CF24673EFD}.Ad-Hoc|iPhoneSimulator.Build.0 = Ad-Hoc|iPhoneSimulator
		{E6D2A0A9-53DC-44F1-B4DD-F5CF24673EFD}.Ad-Hoc|iPhoneSimulator.Deploy.0 = Ad-Hoc|iPhoneSimulator
		{E6D2A0A9-53DC-44F1-B4DD-F5CF24673EFD}.Ad-Hoc|x64.ActiveCfg = Ad-Hoc|iPhoneSimulator
		{E6D2A0A9-53DC-44F1-B4DD-F5CF24673EFD}.Ad-Hoc|x86.ActiveCfg = Ad-Hoc|iPhoneSimulator
		{E6D2A0A9-53DC-44F1-B4DD-F5CF24673EFD}.AppStore|Any CPU.ActiveCfg = AppStore|iPhone
		{E6D2A0A9-53DC-44F1-B4DD-F5CF24673EFD}.AppStore|Any CPU.Build.0 = AppStore|iPhone
		{E6D2A0A9-53DC-44F1-B4DD-F5CF24673EFD}.AppStore|Any CPU.Deploy.0 = AppStore|iPhone
		{E6D2A0A9-53DC-44F1-B4DD-F5CF24673EFD}.AppStore|ARM.ActiveCfg = AppStore|iPhoneSimulator
		{E6D2A0A9-53DC-44F1-B4DD-F5CF24673EFD}.AppStore|iPhone.ActiveCfg = AppStore|iPhone
		{E6D2A0A9-53DC-44F1-B4DD-F5CF24673EFD}.AppStore|iPhone.Build.0 = AppStore|iPhone
		{E6D2A0A9-53DC-44F1-B4DD-F5CF24673EFD}.AppStore|iPhone.Deploy.0 = AppStore|iPhone
		{E6D2A0A9-53DC-44F1-B4DD-F5CF24673EFD}.AppStore|iPhoneSimulator.ActiveCfg = AppStore|iPhoneSimulator
		{E6D2A0A9-53DC-44F1-B4DD-F5CF24673EFD}.AppStore|iPhoneSimulator.Build.0 = AppStore|iPhoneSimulator
		{E6D2A0A9-53DC-44F1-B4DD-F5CF24673EFD}.AppStore|iPhoneSimulator.Deploy.0 = AppStore|iPhoneSimulator
		{E6D2A0A9-53DC-44F1-B4DD-F5CF24673EFD}.AppStore|x64.ActiveCfg = AppStore|iPhoneSimulator
		{E6D2A0A9-53DC-44F1-B4DD-F5CF24673EFD}.AppStore|x86.ActiveCfg = AppStore|iPhoneSimulator
		{E6D2A0A9-53DC-44F1-B4DD-F5CF24673EFD}.Debug|Any CPU.ActiveCfg = Debug|iPhoneSimulator
		{E6D2A0A9-53DC-44F1-B4DD-F5CF24673EFD}.Debug|Any CPU.Build.0 = Debug|iPhoneSimulator
		{E6D2A0A9-53DC-44F1-B4DD-F5CF24673EFD}.Debug|Any CPU.Deploy.0 = Debug|iPhoneSimulator
		{E6D2A0A9-53DC-44F1-B4DD-F5CF24673EFD}.Debug|ARM.ActiveCfg = Debug|iPhone
		{E6D2A0A9-53DC-44F1-B4DD-F5CF24673EFD}.Debug|iPhone.ActiveCfg = Debug|iPhone
		{E6D2A0A9-53DC-44F1-B4DD-F5CF24673EFD}.Debug|iPhone.Build.0 = Debug|iPhone
		{E6D2A0A9-53DC-44F1-B4DD-F5CF24673EFD}.Debug|iPhone.Deploy.0 = Debug|iPhone
		{E6D2A0A9-53DC-44F1-B4DD-F5CF24673EFD}.Debug|iPhoneSimulator.ActiveCfg = Debug|iPhoneSimulator
		{E6D2A0A9-53DC-44F1-B4DD-F5CF24673EFD}.Debug|iPhoneSimulator.Build.0 = Debug|iPhoneSimulator
		{E6D2A0A9-53DC-44F1-B4DD-F5CF24673EFD}.Debug|iPhoneSimulator.Deploy.0 = Debug|iPhoneSimulator
		{E6D2A0A9-53DC-44F1-B4DD-F5CF24673EFD}.Debug|x64.ActiveCfg = Debug|iPhone
		{E6D2A0A9-53DC-44F1-B4DD-F5CF24673EFD}.Debug|x86.ActiveCfg = Debug|iPhone
		{E6D2A0A9-53DC-44F1-B4DD-F5CF24673EFD}.Release|Any CPU.ActiveCfg = Release|iPhone
		{E6D2A0A9-53DC-44F1-B4DD-F5CF24673EFD}.Release|Any CPU.Build.0 = Release|iPhone
		{E6D2A0A9-53DC-44F1-B4DD-F5CF24673EFD}.Release|Any CPU.Deploy.0 = Release|iPhone
		{E6D2A0A9-53DC-44F1-B4DD-F5CF24673EFD}.Release|ARM.ActiveCfg = Release|iPhoneSimulator
		{E6D2A0A9-53DC-44F1-B4DD-F5CF24673EFD}.Release|iPhone.ActiveCfg = Release|iPhone
		{E6D2A0A9-53DC-44F1-B4DD-F5CF24673EFD}.Release|iPhone.Build.0 = Release|iPhone
		{E6D2A0A9-53DC-44F1-B4DD-F5CF24673EFD}.Release|iPhone.Deploy.0 = Release|iPhone
		{E6D2A0A9-53DC-44F1-B4DD-F5CF24673EFD}.Release|iPhoneSimulator.ActiveCfg = Release|iPhoneSimulator
		{E6D2A0A9-53DC-44F1-B4DD-F5CF24673EFD}.Release|iPhoneSimulator.Build.0 = Release|iPhoneSimulator
		{E6D2A0A9-53DC-44F1-B4DD-F5CF24673EFD}.Release|iPhoneSimulator.Deploy.0 = Release|iPhoneSimulator
		{E6D2A0A9-53DC-44F1-B4DD-F5CF24673EFD}.Release|x64.ActiveCfg = Release|iPhoneSimulator
		{E6D2A0A9-53DC-44F1-B4DD-F5CF24673EFD}.Release|x86.ActiveCfg = Release|iPhoneSimulator
		{411DD7D4-F5C3-46D5-8D1C-40F28C8A1692}.Ad-Hoc|Any CPU.ActiveCfg = Debug|Any CPU
		{411DD7D4-F5C3-46D5-8D1C-40F28C8A1692}.Ad-Hoc|Any CPU.Build.0 = Debug|Any CPU
		{411DD7D4-F5C3-46D5-8D1C-40F28C8A1692}.Ad-Hoc|Any CPU.Deploy.0 = Debug|Any CPU
		{411DD7D4-F5C3-46D5-8D1C-40F28C8A1692}.Ad-Hoc|ARM.ActiveCfg = Release|Any CPU
		{411DD7D4-F5C3-46D5-8D1C-40F28C8A1692}.Ad-Hoc|ARM.Build.0 = Release|Any CPU
		{411DD7D4-F5C3-46D5-8D1C-40F28C8A1692}.Ad-Hoc|iPhone.ActiveCfg = Debug|Any CPU
		{411DD7D4-F5C3-46D5-8D1C-40F28C8A1692}.Ad-Hoc|iPhone.Build.0 = Debug|Any CPU
		{411DD7D4-F5C3-46D5-8D1C-40F28C8A1692}.Ad-Hoc|iPhone.Deploy.0 = Debug|Any CPU
		{411DD7D4-F5C3-46D5-8D1C-40F28C8A1692}.Ad-Hoc|iPhoneSimulator.ActiveCfg = Debug|Any CPU
		{411DD7D4-F5C3-46D5-8D1C-40F28C8A1692}.Ad-Hoc|iPhoneSimulator.Build.0 = Debug|Any CPU
		{411DD7D4-F5C3-46D5-8D1C-40F28C8A1692}.Ad-Hoc|iPhoneSimulator.Deploy.0 = Debug|Any CPU
		{411DD7D4-F5C3-46D5-8D1C-40F28C8A1692}.Ad-Hoc|x64.ActiveCfg = Release|Any CPU
		{411DD7D4-F5C3-46D5-8D1C-40F28C8A1692}.Ad-Hoc|x64.Build.0 = Release|Any CPU
		{411DD7D4-F5C3-46D5-8D1C-40F28C8A1692}.Ad-Hoc|x86.ActiveCfg = Release|Any CPU
		{411DD7D4-F5C3-46D5-8D1C-40F28C8A1692}.Ad-Hoc|x86.Build.0 = Release|Any CPU
		{411DD7D4-F5C3-46D5-8D1C-40F28C8A1692}.AppStore|Any CPU.ActiveCfg = Debug|Any CPU
		{411DD7D4-F5C3-46D5-8D1C-40F28C8A1692}.AppStore|Any CPU.Build.0 = Debug|Any CPU
		{411DD7D4-F5C3-46D5-8D1C-40F28C8A1692}.AppStore|Any CPU.Deploy.0 = Debug|Any CPU
		{411DD7D4-F5C3-46D5-8D1C-40F28C8A1692}.AppStore|ARM.ActiveCfg = Release|Any CPU
		{411DD7D4-F5C3-46D5-8D1C-40F28C8A1692}.AppStore|ARM.Build.0 = Release|Any CPU
		{411DD7D4-F5C3-46D5-8D1C-40F28C8A1692}.AppStore|iPhone.ActiveCfg = Debug|Any CPU
		{411DD7D4-F5C3-46D5-8D1C-40F28C8A1692}.AppStore|iPhone.Build.0 = Debug|Any CPU
		{411DD7D4-F5C3-46D5-8D1C-40F28C8A1692}.AppStore|iPhone.Deploy.0 = Debug|Any CPU
		{411DD7D4-F5C3-46D5-8D1C-40F28C8A1692}.AppStore|iPhoneSimulator.ActiveCfg = Debug|Any CPU
		{411DD7D4-F5C3-46D5-8D1C-40F28C8A1692}.AppStore|iPhoneSimulator.Build.0 = Debug|Any CPU
		{411DD7D4-F5C3-46D5-8D1C-40F28C8A1692}.AppStore|iPhoneSimulator.Deploy.0 = Debug|Any CPU
		{411DD7D4-F5C3-46D5-8D1C-40F28C8A1692}.AppStore|x64.ActiveCfg = Release|Any CPU
		{411DD7D4-F5C3-46D5-8D1C-40F28C8A1692}.AppStore|x64.Build.0 = Release|Any CPU
		{411DD7D4-F5C3-46D5-8D1C-40F28C8A1692}.AppStore|x86.ActiveCfg = Release|Any CPU
		{411DD7D4-F5C3-46D5-8D1C-40F28C8A1692}.AppStore|x86.Build.0 = Release|Any CPU
		{411DD7D4-F5C3-46D5-8D1C-40F28C8A1692}.Debug|Any CPU.ActiveCfg = Debug|Any CPU
		{411DD7D4-F5C3-46D5-8D1C-40F28C8A1692}.Debug|Any CPU.Build.0 = Debug|Any CPU
		{411DD7D4-F5C3-46D5-8D1C-40F28C8A1692}.Debug|Any CPU.Deploy.0 = Debug|Any CPU
		{411DD7D4-F5C3-46D5-8D1C-40F28C8A1692}.Debug|ARM.ActiveCfg = Debug|Any CPU
		{411DD7D4-F5C3-46D5-8D1C-40F28C8A1692}.Debug|ARM.Build.0 = Debug|Any CPU
		{411DD7D4-F5C3-46D5-8D1C-40F28C8A1692}.Debug|iPhone.ActiveCfg = Debug|Any CPU
		{411DD7D4-F5C3-46D5-8D1C-40F28C8A1692}.Debug|iPhone.Build.0 = Debug|Any CPU
		{411DD7D4-F5C3-46D5-8D1C-40F28C8A1692}.Debug|iPhone.Deploy.0 = Debug|Any CPU
		{411DD7D4-F5C3-46D5-8D1C-40F28C8A1692}.Debug|iPhoneSimulator.ActiveCfg = Debug|Any CPU
		{411DD7D4-F5C3-46D5-8D1C-40F28C8A1692}.Debug|iPhoneSimulator.Build.0 = Debug|Any CPU
		{411DD7D4-F5C3-46D5-8D1C-40F28C8A1692}.Debug|iPhoneSimulator.Deploy.0 = Debug|Any CPU
		{411DD7D4-F5C3-46D5-8D1C-40F28C8A1692}.Debug|x64.ActiveCfg = Debug|Any CPU
		{411DD7D4-F5C3-46D5-8D1C-40F28C8A1692}.Debug|x64.Build.0 = Debug|Any CPU
		{411DD7D4-F5C3-46D5-8D1C-40F28C8A1692}.Debug|x86.ActiveCfg = Debug|Any CPU
		{411DD7D4-F5C3-46D5-8D1C-40F28C8A1692}.Debug|x86.Build.0 = Debug|Any CPU
		{411DD7D4-F5C3-46D5-8D1C-40F28C8A1692}.Release|Any CPU.ActiveCfg = Release|Any CPU
		{411DD7D4-F5C3-46D5-8D1C-40F28C8A1692}.Release|Any CPU.Build.0 = Release|Any CPU
		{411DD7D4-F5C3-46D5-8D1C-40F28C8A1692}.Release|Any CPU.Deploy.0 = Release|Any CPU
		{411DD7D4-F5C3-46D5-8D1C-40F28C8A1692}.Release|ARM.ActiveCfg = Release|Any CPU
		{411DD7D4-F5C3-46D5-8D1C-40F28C8A1692}.Release|ARM.Build.0 = Release|Any CPU
		{411DD7D4-F5C3-46D5-8D1C-40F28C8A1692}.Release|iPhone.ActiveCfg = Release|Any CPU
		{411DD7D4-F5C3-46D5-8D1C-40F28C8A1692}.Release|iPhone.Build.0 = Release|Any CPU
		{411DD7D4-F5C3-46D5-8D1C-40F28C8A1692}.Release|iPhone.Deploy.0 = Release|Any CPU
		{411DD7D4-F5C3-46D5-8D1C-40F28C8A1692}.Release|iPhoneSimulator.ActiveCfg = Release|Any CPU
		{411DD7D4-F5C3-46D5-8D1C-40F28C8A1692}.Release|iPhoneSimulator.Build.0 = Release|Any CPU
		{411DD7D4-F5C3-46D5-8D1C-40F28C8A1692}.Release|iPhoneSimulator.Deploy.0 = Release|Any CPU
		{411DD7D4-F5C3-46D5-8D1C-40F28C8A1692}.Release|x64.ActiveCfg = Release|Any CPU
		{411DD7D4-F5C3-46D5-8D1C-40F28C8A1692}.Release|x64.Build.0 = Release|Any CPU
		{411DD7D4-F5C3-46D5-8D1C-40F28C8A1692}.Release|x86.ActiveCfg = Release|Any CPU
		{411DD7D4-F5C3-46D5-8D1C-40F28C8A1692}.Release|x86.Build.0 = Release|Any CPU
		{16381B82-890E-4E65-A06B-B3EA5E609912}.Ad-Hoc|Any CPU.ActiveCfg = Release|x64
		{16381B82-890E-4E65-A06B-B3EA5E609912}.Ad-Hoc|Any CPU.Build.0 = Release|x64
		{16381B82-890E-4E65-A06B-B3EA5E609912}.Ad-Hoc|Any CPU.Deploy.0 = Release|x64
		{16381B82-890E-4E65-A06B-B3EA5E609912}.Ad-Hoc|ARM.ActiveCfg = Release|ARM
		{16381B82-890E-4E65-A06B-B3EA5E609912}.Ad-Hoc|ARM.Build.0 = Release|ARM
		{16381B82-890E-4E65-A06B-B3EA5E609912}.Ad-Hoc|ARM.Deploy.0 = Release|ARM
		{16381B82-890E-4E65-A06B-B3EA5E609912}.Ad-Hoc|iPhone.ActiveCfg = Release|x64
		{16381B82-890E-4E65-A06B-B3EA5E609912}.Ad-Hoc|iPhone.Build.0 = Release|x64
		{16381B82-890E-4E65-A06B-B3EA5E609912}.Ad-Hoc|iPhone.Deploy.0 = Release|x64
		{16381B82-890E-4E65-A06B-B3EA5E609912}.Ad-Hoc|iPhoneSimulator.ActiveCfg = Release|x64
		{16381B82-890E-4E65-A06B-B3EA5E609912}.Ad-Hoc|iPhoneSimulator.Build.0 = Release|x64
		{16381B82-890E-4E65-A06B-B3EA5E609912}.Ad-Hoc|iPhoneSimulator.Deploy.0 = Release|x64
		{16381B82-890E-4E65-A06B-B3EA5E609912}.Ad-Hoc|x64.ActiveCfg = Release|x64
		{16381B82-890E-4E65-A06B-B3EA5E609912}.Ad-Hoc|x64.Build.0 = Release|x64
		{16381B82-890E-4E65-A06B-B3EA5E609912}.Ad-Hoc|x64.Deploy.0 = Release|x64
		{16381B82-890E-4E65-A06B-B3EA5E609912}.Ad-Hoc|x86.ActiveCfg = Release|x86
		{16381B82-890E-4E65-A06B-B3EA5E609912}.Ad-Hoc|x86.Build.0 = Release|x86
		{16381B82-890E-4E65-A06B-B3EA5E609912}.Ad-Hoc|x86.Deploy.0 = Release|x86
		{16381B82-890E-4E65-A06B-B3EA5E609912}.AppStore|Any CPU.ActiveCfg = Release|x64
		{16381B82-890E-4E65-A06B-B3EA5E609912}.AppStore|Any CPU.Build.0 = Release|x64
		{16381B82-890E-4E65-A06B-B3EA5E609912}.AppStore|Any CPU.Deploy.0 = Release|x64
		{16381B82-890E-4E65-A06B-B3EA5E609912}.AppStore|ARM.ActiveCfg = Release|ARM
		{16381B82-890E-4E65-A06B-B3EA5E609912}.AppStore|ARM.Build.0 = Release|ARM
		{16381B82-890E-4E65-A06B-B3EA5E609912}.AppStore|ARM.Deploy.0 = Release|ARM
		{16381B82-890E-4E65-A06B-B3EA5E609912}.AppStore|iPhone.ActiveCfg = Release|x64
		{16381B82-890E-4E65-A06B-B3EA5E609912}.AppStore|iPhone.Build.0 = Release|x64
		{16381B82-890E-4E65-A06B-B3EA5E609912}.AppStore|iPhone.Deploy.0 = Release|x64
		{16381B82-890E-4E65-A06B-B3EA5E609912}.AppStore|iPhoneSimulator.ActiveCfg = Release|x64
		{16381B82-890E-4E65-A06B-B3EA5E609912}.AppStore|iPhoneSimulator.Build.0 = Release|x64
		{16381B82-890E-4E65-A06B-B3EA5E609912}.AppStore|iPhoneSimulator.Deploy.0 = Release|x64
		{16381B82-890E-4E65-A06B-B3EA5E609912}.AppStore|x64.ActiveCfg = Release|x64
		{16381B82-890E-4E65-A06B-B3EA5E609912}.AppStore|x64.Build.0 = Release|x64
		{16381B82-890E-4E65-A06B-B3EA5E609912}.AppStore|x64.Deploy.0 = Release|x64
		{16381B82-890E-4E65-A06B-B3EA5E609912}.AppStore|x86.ActiveCfg = Release|x86
		{16381B82-890E-4E65-A06B-B3EA5E609912}.AppStore|x86.Build.0 = Release|x86
		{16381B82-890E-4E65-A06B-B3EA5E609912}.AppStore|x86.Deploy.0 = Release|x86
		{16381B82-890E-4E65-A06B-B3EA5E609912}.Debug|Any CPU.ActiveCfg = Debug|x86
		{16381B82-890E-4E65-A06B-B3EA5E609912}.Debug|ARM.ActiveCfg = Debug|ARM
		{16381B82-890E-4E65-A06B-B3EA5E609912}.Debug|ARM.Build.0 = Debug|ARM
		{16381B82-890E-4E65-A06B-B3EA5E609912}.Debug|ARM.Deploy.0 = Debug|ARM
		{16381B82-890E-4E65-A06B-B3EA5E609912}.Debug|iPhone.ActiveCfg = Debug|x86
		{16381B82-890E-4E65-A06B-B3EA5E609912}.Debug|iPhoneSimulator.ActiveCfg = Debug|x86
		{16381B82-890E-4E65-A06B-B3EA5E609912}.Debug|x64.ActiveCfg = Debug|x64
		{16381B82-890E-4E65-A06B-B3EA5E609912}.Debug|x64.Build.0 = Debug|x64
		{16381B82-890E-4E65-A06B-B3EA5E609912}.Debug|x64.Deploy.0 = Debug|x64
		{16381B82-890E-4E65-A06B-B3EA5E609912}.Debug|x86.ActiveCfg = Debug|x86
		{16381B82-890E-4E65-A06B-B3EA5E609912}.Debug|x86.Build.0 = Debug|x86
		{16381B82-890E-4E65-A06B-B3EA5E609912}.Debug|x86.Deploy.0 = Debug|x86
		{16381B82-890E-4E65-A06B-B3EA5E609912}.Release|Any CPU.ActiveCfg = Release|x86
		{16381B82-890E-4E65-A06B-B3EA5E609912}.Release|ARM.ActiveCfg = Release|ARM
		{16381B82-890E-4E65-A06B-B3EA5E609912}.Release|ARM.Build.0 = Release|ARM
		{16381B82-890E-4E65-A06B-B3EA5E609912}.Release|ARM.Deploy.0 = Release|ARM
		{16381B82-890E-4E65-A06B-B3EA5E609912}.Release|iPhone.ActiveCfg = Release|x86
		{16381B82-890E-4E65-A06B-B3EA5E609912}.Release|iPhoneSimulator.ActiveCfg = Release|x86
		{16381B82-890E-4E65-A06B-B3EA5E609912}.Release|x64.ActiveCfg = Release|x64
		{16381B82-890E-4E65-A06B-B3EA5E609912}.Release|x64.Build.0 = Release|x64
		{16381B82-890E-4E65-A06B-B3EA5E609912}.Release|x64.Deploy.0 = Release|x64
		{16381B82-890E-4E65-A06B-B3EA5E609912}.Release|x86.ActiveCfg = Release|x86
		{16381B82-890E-4E65-A06B-B3EA5E609912}.Release|x86.Build.0 = Release|x86
		{16381B82-890E-4E65-A06B-B3EA5E609912}.Release|x86.Deploy.0 = Release|x86
	EndGlobalSection
	GlobalSection(SolutionProperties) = preSolution
		HideSolutionNode = FALSE
	EndGlobalSection
	GlobalSection(ExtensibilityGlobals) = postSolution
		SolutionGuid = {977941D2-955F-4220-BDA0-A151D3F4CA55}
	EndGlobalSection
EndGlobal
